
Microsoft Visual Studio Solution File, Format Version 12.00
# Visual Studio Version 17
VisualStudioVersion = 17.9.34616.47
MinimumVisualStudioVersion = 10.0.40219.1
Project("{FAE04EC0-301F-11D3-BF4B-00C04F79EFBC}") = "Ejercicios luis flores y carlos ramos en clase", "Ejercicios luis flores y carlos ramos en clase\Ejercicios luis flores y carlos ramos en clase.csproj", "{C71AD585-D1EB-4629-8EED-11FA98DFDA46}"
EndProject
Global
	GlobalSection(SolutionConfigurationPlatforms) = preSolution
		Debug|Any CPU = Debug|Any CPU
		Release|Any CPU = Release|Any CPU
	EndGlobalSection
	GlobalSection(ProjectConfigurationPlatforms) = postSolution
		{C71AD585-D1EB-4629-8EED-11FA98DFDA46}.Debug|Any CPU.ActiveCfg = Debug|Any CPU
		{C71AD585-D1EB-4629-8EED-11FA98DFDA46}.Debug|Any CPU.Build.0 = Debug|Any CPU
		{C71AD585-D1EB-4629-8EED-11FA98DFDA46}.Release|Any CPU.ActiveCfg = Release|Any CPU
		{C71AD585-D1EB-4629-8EED-11FA98DFDA46}.Release|Any CPU.Build.0 = Release|Any CPU
	EndGlobalSection
	GlobalSection(SolutionProperties) = preSolution
		HideSolutionNode = FALSE
	EndGlobalSection
	GlobalSection(ExtensibilityGlobals) = postSolution
		SolutionGuid = {1A9331DD-EAB7-4705-A1B7-76191D07BF33}
	EndGlobalSection
EndGlobal
